<?xml version="1.0" encoding="utf-8"?>
<Project ToolsVersion="4.0" xmlns="http://schemas.microsoft.com/developer/msbuild/2003">
  <ItemGroup>
    <Filter Include="Source">
      <UniqueIdentifier>{4FC737F1-C7A5-4376-A066-2A32D752A2FF}</UniqueIdentifier>
      <Extensions>cpp;c;cc;cxx;def;odl;idl;hpj;bat;asm;asmx</Extensions>
    </Filter>
    <Filter Include="Header">
      <UniqueIdentifier>{93995380-89BD-4b04-88EB-625FBE52EBFB}</UniqueIdentifier>
      <Extensions>h;hpp;hxx;hm;inl;inc;xsd</Extensions>
    </Filter>
  </ItemGroup>
  <ItemGroup>
    <ClCompile Include="Class.cpp">
      <Filter>Source</Filter>
    </ClCompile>
    <ClCompile Include="Compiler.cpp">
      <Filter>Source</Filter>
    </ClCompile>
    <ClCompile Include="Continuation.cpp">
      <Filter>Source</Filter>
    </ClCompile>
    <ClCompile Include="Executor.cpp">
      <Filter>Source</Filter>
    </ClCompile>
    <ClCompile Include="Object.cpp">
      <Filter>Source</Filter>
    </ClCompile>
    <ClCompile Include="Registry.cpp">
      <Filter>Source</Filter>
    </ClCompile>
    <ClCompile Include="Runtime.cpp">
      <Filter>Source</Filter>
    </ClCompile>
    <ClCompile Include="Precompiled.cpp">
      <Filter>Source</Filter>
    </ClCompile>
  </ItemGroup>
  <ItemGroup>
    <ClInclude Include="Class.h">
      <Filter>Header</Filter>
    </ClInclude>
    <ClInclude Include="Compiler.h">
      <Filter>Header</Filter>
    </ClInclude>
    <ClInclude Include="Continuation.h">
      <Filter>Header</Filter>
    </ClInclude>
    <ClInclude Include="Exception.h">
      <Filter>Header</Filter>
    </ClInclude>
    <ClInclude Include="Executor.h">
      <Filter>Header</Filter>
    </ClInclude>
    <ClInclude Include="Object.h">
      <Filter>Header</Filter>
    </ClInclude>
    <ClInclude Include="Precompiled.h">
      <Filter>Header</Filter>
    </ClInclude>
    <ClInclude Include="Registry.h">
      <Filter>Header</Filter>
    </ClInclude>
    <ClInclude Include="RunTime.h">
      <Filter>Header</Filter>
    </ClInclude>
    <ClInclude Include="Wrapper.h">
      <Filter>Header</Filter>
    </ClInclude>
  </ItemGroup>
</Project>