
Microsoft Visual Studio Solution File, Format Version 12.00
# Visual Studio 2012
Project("{2150E333-8FDC-42A3-9474-1A3956D46DE8}") = "Controls", "Controls", "{A4AD51EC-72B6-4EEB-849B-D88DB5384CC6}"
EndProject
Project("{8BC9CEB8-8B4A-11D0-8D11-00A0C91BC942}") = "Library", "Projects\Library\Library.vcxproj", "{C96417BD-9826-442C-B8FB-5A6675B36C15}"
EndProject
Project("{8BC9CEB8-8B4A-11D0-8D11-00A0C91BC942}") = "Compiler", "Projects\Compiler\Compiler.vcxproj", "{5B7B59D3-BEF3-4678-AF00-272422A79AFB}"
EndProject
Project("{8BC9CEB8-8B4A-11D0-8D11-00A0C91BC942}") = "UnitTests", "Projects\UnitTests\UnitTests.vcxproj", "{98A810B3-B856-4929-A8EC-51547F0261FE}"
EndProject
Project("{8BC9CEB8-8B4A-11D0-8D11-00A0C91BC942}") = "Console", "Projects\Console\Console.vcxproj", "{7B9BFF70-C243-4C9D-AAE0-7C35D22D6A18}"
EndProject
Project("{8BC9CEB8-8B4A-11D0-8D11-00A0C91BC942}") = "LibraryNET", "Projects\Library.NET\Library.NET.vcxproj", "{8CF7DDF3-B8C9-4C83-8B8F-31BB3C2B7452}"
EndProject
Project("{FAE04EC0-301F-11D3-BF4B-00C04F79EFBC}") = "Browser", "Projects\Browser\Browser.csproj", "{5D81BB66-0A5D-4987-AA14-231F03E50EB7}"
	ProjectSection(ProjectDependencies) = postProject
		{78B6595D-7B41-425A-B8B4-0840CAA6374B} = {78B6595D-7B41-425A-B8B4-0840CAA6374B}
		{8CF7DDF3-B8C9-4C83-8B8F-31BB3C2B7452} = {8CF7DDF3-B8C9-4C83-8B8F-31BB3C2B7452}
	EndProjectSection
EndProject
Project("{FAE04EC0-301F-11D3-BF4B-00C04F79EFBC}") = "Console", "Projects\Controls\Console\Console.csproj", "{65C99880-AEB9-4F0A-AA53-699B0E0603C8}"
EndProject
Project("{FAE04EC0-301F-11D3-BF4B-00C04F79EFBC}") = "TreeView", "Projects\Controls\TreeView\TreeView.csproj", "{A69591E7-2396-4956-9A2D-987C6A0659DD}"
EndProject
Project("{FAE04EC0-301F-11D3-BF4B-00C04F79EFBC}") = "Console2", "Projects\Controls\Console2\Console2.csproj", "{78B6595D-7B41-425A-B8B4-0840CAA6374B}"
EndProject
Project("{8BC9CEB8-8B4A-11D0-8D11-00A0C91BC942}") = "DemoApp", "Projects\DemoApp\DemoApp.vcxproj", "{57C70917-045F-4AEC-9CB7-464E708C25C3}"
EndProject
Project("{8BC9CEB8-8B4A-11D0-8D11-00A0C91BC942}") = "DemoLib", "Projects\DemoLib\DemoLib.vcxproj", "{EEF4ACF9-5BD7-4EC4-B4DF-D3CFC34B2263}"
EndProject
Project("{8BC9CEB8-8B4A-11D0-8D11-00A0C91BC942}") = "C", "..\..\External\libantlr3c-3.1\C.vcproj", "{0F0FE03A-78F3-4B34-9DCE-0CDFF1FB5C40}"
EndProject
Project("{FAE04EC0-301F-11D3-BF4B-00C04F79EFBC}") = "Properties", "Projects\Properties\Properties.csproj", "{B1DD108C-225F-4BBE-B019-94ADA7A4BE2C}"
EndProject
Global
	GlobalSection(SolutionConfigurationPlatforms) = preSolution
		Debug|Any CPU = Debug|Any CPU
		Debug|Mixed Platforms = Debug|Mixed Platforms
		Debug|Win32 = Debug|Win32
		DebugCLR|Any CPU = DebugCLR|Any CPU
		DebugCLR|Mixed Platforms = DebugCLR|Mixed Platforms
		DebugCLR|Win32 = DebugCLR|Win32
		DebugDLL|Any CPU = DebugDLL|Any CPU
		DebugDLL|Mixed Platforms = DebugDLL|Mixed Platforms
		DebugDLL|Win32 = DebugDLL|Win32
		Optimised|Any CPU = Optimised|Any CPU
		Optimised|Mixed Platforms = Optimised|Mixed Platforms
		Optimised|Win32 = Optimised|Win32
		OptimiseWithSymbols|Any CPU = OptimiseWithSymbols|Any CPU
		OptimiseWithSymbols|Mixed Platforms = OptimiseWithSymbols|Mixed Platforms
		OptimiseWithSymbols|Win32 = OptimiseWithSymbols|Win32
		OptWithSym|Any CPU = OptWithSym|Any CPU
		OptWithSym|Mixed Platforms = OptWithSym|Mixed Platforms
		OptWithSym|Win32 = OptWithSym|Win32
		Release|Any CPU = Release|Any CPU
		Release|Mixed Platforms = Release|Mixed Platforms
		Release|Win32 = Release|Win32
		ReleaseDLL|Any CPU = ReleaseDLL|Any CPU
		ReleaseDLL|Mixed Platforms = ReleaseDLL|Mixed Platforms
		ReleaseDLL|Win32 = ReleaseDLL|Win32
	EndGlobalSection
	GlobalSection(ProjectConfigurationPlatforms) = postSolution
		{C96417BD-9826-442C-B8FB-5A6675B36C15}.Debug|Any CPU.ActiveCfg = Debug|Win32
		{C96417BD-9826-442C-B8FB-5A6675B36C15}.Debug|Any CPU.Build.0 = Debug|Win32
		{C96417BD-9826-442C-B8FB-5A6675B36C15}.Debug|Mixed Platforms.ActiveCfg = Debug|Win32
		{C96417BD-9826-442C-B8FB-5A6675B36C15}.Debug|Mixed Platforms.Build.0 = Debug|Win32
		{C96417BD-9826-442C-B8FB-5A6675B36C15}.Debug|Win32.ActiveCfg = Debug|Win32
		{C96417BD-9826-442C-B8FB-5A6675B36C15}.Debug|Win32.Build.0 = Debug|Win32
		{C96417BD-9826-442C-B8FB-5A6675B36C15}.DebugCLR|Any CPU.ActiveCfg = DebugCLR|Win32
		{C96417BD-9826-442C-B8FB-5A6675B36C15}.DebugCLR|Any CPU.Build.0 = DebugCLR|Win32
		{C96417BD-9826-442C-B8FB-5A6675B36C15}.DebugCLR|Mixed Platforms.ActiveCfg = DebugCLR|Win32
		{C96417BD-9826-442C-B8FB-5A6675B36C15}.DebugCLR|Mixed Platforms.Build.0 = DebugCLR|Win32
		{C96417BD-9826-442C-B8FB-5A6675B36C15}.DebugCLR|Win32.ActiveCfg = DebugCLR|Win32
		{C96417BD-9826-442C-B8FB-5A6675B36C15}.DebugCLR|Win32.Build.0 = DebugCLR|Win32
		{C96417BD-9826-442C-B8FB-5A6675B36C15}.DebugDLL|Any CPU.ActiveCfg = DebugCLR|Win32
		{C96417BD-9826-442C-B8FB-5A6675B36C15}.DebugDLL|Mixed Platforms.ActiveCfg = DebugCLR|Win32
		{C96417BD-9826-442C-B8FB-5A6675B36C15}.DebugDLL|Mixed Platforms.Build.0 = DebugCLR|Win32
		{C96417BD-9826-442C-B8FB-5A6675B36C15}.DebugDLL|Win32.ActiveCfg = DebugCLR|Win32
		{C96417BD-9826-442C-B8FB-5A6675B36C15}.DebugDLL|Win32.Build.0 = DebugCLR|Win32
		{C96417BD-9826-442C-B8FB-5A6675B36C15}.Optimised|Any CPU.ActiveCfg = Optimised|Win32
		{C96417BD-9826-442C-B8FB-5A6675B36C15}.Optimised|Mixed Platforms.ActiveCfg = Optimised|Win32
		{C96417BD-9826-442C-B8FB-5A6675B36C15}.Optimised|Mixed Platforms.Build.0 = Optimised|Win32
		{C96417BD-9826-442C-B8FB-5A6675B36C15}.Optimised|Win32.ActiveCfg = Optimised|Win32
		{C96417BD-9826-442C-B8FB-5A6675B36C15}.Optimised|Win32.Build.0 = Optimised|Win32
		{C96417BD-9826-442C-B8FB-5A6675B36C15}.OptimiseWithSymbols|Any CPU.ActiveCfg = OptimiseWithSymbols|Win32
		{C96417BD-9826-442C-B8FB-5A6675B36C15}.OptimiseWithSymbols|Mixed Platforms.ActiveCfg = OptimiseWithSymbols|Win32
		{C96417BD-9826-442C-B8FB-5A6675B36C15}.OptimiseWithSymbols|Mixed Platforms.Build.0 = OptimiseWithSymbols|Win32
		{C96417BD-9826-442C-B8FB-5A6675B36C15}.OptimiseWithSymbols|Win32.ActiveCfg = OptimiseWithSymbols|Win32
		{C96417BD-9826-442C-B8FB-5A6675B36C15}.OptimiseWithSymbols|Win32.Build.0 = OptimiseWithSymbols|Win32
		{C96417BD-9826-442C-B8FB-5A6675B36C15}.OptWithSym|Any CPU.ActiveCfg = OptWithSym|Win32
		{C96417BD-9826-442C-B8FB-5A6675B36C15}.OptWithSym|Mixed Platforms.ActiveCfg = OptWithSym|Win32
		{C96417BD-9826-442C-B8FB-5A6675B36C15}.OptWithSym|Mixed Platforms.Build.0 = OptWithSym|Win32
		{C96417BD-9826-442C-B8FB-5A6675B36C15}.OptWithSym|Win32.ActiveCfg = OptWithSym|Win32
		{C96417BD-9826-442C-B8FB-5A6675B36C15}.OptWithSym|Win32.Build.0 = OptWithSym|Win32
		{C96417BD-9826-442C-B8FB-5A6675B36C15}.Release|Any CPU.ActiveCfg = Release|Win32
		{C96417BD-9826-442C-B8FB-5A6675B36C15}.Release|Mixed Platforms.ActiveCfg = Release|Win32
		{C96417BD-9826-442C-B8FB-5A6675B36C15}.Release|Mixed Platforms.Build.0 = Release|Win32
		{C96417BD-9826-442C-B8FB-5A6675B36C15}.Release|Win32.ActiveCfg = Release|Win32
		{C96417BD-9826-442C-B8FB-5A6675B36C15}.Release|Win32.Build.0 = Release|Win32
		{C96417BD-9826-442C-B8FB-5A6675B36C15}.ReleaseDLL|Any CPU.ActiveCfg = Release|Win32
		{C96417BD-9826-442C-B8FB-5A6675B36C15}.ReleaseDLL|Mixed Platforms.ActiveCfg = Release|Win32
		{C96417BD-9826-442C-B8FB-5A6675B36C15}.ReleaseDLL|Mixed Platforms.Build.0 = Release|Win32
		{C96417BD-9826-442C-B8FB-5A6675B36C15}.ReleaseDLL|Win32.ActiveCfg = Release|Win32
		{C96417BD-9826-442C-B8FB-5A6675B36C15}.ReleaseDLL|Win32.Build.0 = Release|Win32
		{5B7B59D3-BEF3-4678-AF00-272422A79AFB}.Debug|Any CPU.ActiveCfg = Debug|Win32
		{5B7B59D3-BEF3-4678-AF00-272422A79AFB}.Debug|Any CPU.Build.0 = Debug|Win32
		{5B7B59D3-BEF3-4678-AF00-272422A79AFB}.Debug|Mixed Platforms.ActiveCfg = Debug|Win32
		{5B7B59D3-BEF3-4678-AF00-272422A79AFB}.Debug|Mixed Platforms.Build.0 = Debug|Win32
		{5B7B59D3-BEF3-4678-AF00-272422A79AFB}.Debug|Win32.ActiveCfg = Debug|Win32
		{5B7B59D3-BEF3-4678-AF00-272422A79AFB}.Debug|Win32.Build.0 = Debug|Win32
		{5B7B59D3-BEF3-4678-AF00-272422A79AFB}.DebugCLR|Any CPU.ActiveCfg = DebugCLR|Win32
		{5B7B59D3-BEF3-4678-AF00-272422A79AFB}.DebugCLR|Any CPU.Build.0 = DebugCLR|Win32
		{5B7B59D3-BEF3-4678-AF00-272422A79AFB}.DebugCLR|Mixed Platforms.ActiveCfg = DebugCLR|Win32
		{5B7B59D3-BEF3-4678-AF00-272422A79AFB}.DebugCLR|Mixed Platforms.Build.0 = DebugCLR|Win32
		{5B7B59D3-BEF3-4678-AF00-272422A79AFB}.DebugCLR|Win32.ActiveCfg = DebugCLR|Win32
		{5B7B59D3-BEF3-4678-AF00-272422A79AFB}.DebugCLR|Win32.Build.0 = DebugCLR|Win32
		{5B7B59D3-BEF3-4678-AF00-272422A79AFB}.DebugDLL|Any CPU.ActiveCfg = DebugCLR|Win32
		{5B7B59D3-BEF3-4678-AF00-272422A79AFB}.DebugDLL|Mixed Platforms.ActiveCfg = DebugCLR|Win32
		{5B7B59D3-BEF3-4678-AF00-272422A79AFB}.DebugDLL|Mixed Platforms.Build.0 = DebugCLR|Win32
		{5B7B59D3-BEF3-4678-AF00-272422A79AFB}.DebugDLL|Win32.ActiveCfg = DebugCLR|Win32
		{5B7B59D3-BEF3-4678-AF00-272422A79AFB}.DebugDLL|Win32.Build.0 = DebugCLR|Win32
		{5B7B59D3-BEF3-4678-AF00-272422A79AFB}.Optimised|Any CPU.ActiveCfg = Optimised|Win32
		{5B7B59D3-BEF3-4678-AF00-272422A79AFB}.Optimised|Mixed Platforms.ActiveCfg = Optimised|Win32
		{5B7B59D3-BEF3-4678-AF00-272422A79AFB}.Optimised|Mixed Platforms.Build.0 = Optimised|Win32
		{5B7B59D3-BEF3-4678-AF00-272422A79AFB}.Optimised|Win32.ActiveCfg = Optimised|Win32
		{5B7B59D3-BEF3-4678-AF00-272422A79AFB}.Optimised|Win32.Build.0 = Optimised|Win32
		{5B7B59D3-BEF3-4678-AF00-272422A79AFB}.OptimiseWithSymbols|Any CPU.ActiveCfg = OptimiseWithSymbols|Win32
		{5B7B59D3-BEF3-4678-AF00-272422A79AFB}.OptimiseWithSymbols|Mixed Platforms.ActiveCfg = OptimiseWithSymbols|Win32
		{5B7B59D3-BEF3-4678-AF00-272422A79AFB}.OptimiseWithSymbols|Mixed Platforms.Build.0 = OptimiseWithSymbols|Win32
		{5B7B59D3-BEF3-4678-AF00-272422A79AFB}.OptimiseWithSymbols|Win32.ActiveCfg = OptimiseWithSymbols|Win32
		{5B7B59D3-BEF3-4678-AF00-272422A79AFB}.OptimiseWithSymbols|Win32.Build.0 = OptimiseWithSymbols|Win32
		{5B7B59D3-BEF3-4678-AF00-272422A79AFB}.OptWithSym|Any CPU.ActiveCfg = OptWithSym|Win32
		{5B7B59D3-BEF3-4678-AF00-272422A79AFB}.OptWithSym|Mixed Platforms.ActiveCfg = OptWithSym|Win32
		{5B7B59D3-BEF3-4678-AF00-272422A79AFB}.OptWithSym|Mixed Platforms.Build.0 = OptWithSym|Win32
		{5B7B59D3-BEF3-4678-AF00-272422A79AFB}.OptWithSym|Win32.ActiveCfg = OptWithSym|Win32
		{5B7B59D3-BEF3-4678-AF00-272422A79AFB}.OptWithSym|Win32.Build.0 = OptWithSym|Win32
		{5B7B59D3-BEF3-4678-AF00-272422A79AFB}.Release|Any CPU.ActiveCfg = Release|Win32
		{5B7B59D3-BEF3-4678-AF00-272422A79AFB}.Release|Mixed Platforms.ActiveCfg = Release|Win32
		{5B7B59D3-BEF3-4678-AF00-272422A79AFB}.Release|Mixed Platforms.Build.0 = Release|Win32
		{5B7B59D3-BEF3-4678-AF00-272422A79AFB}.Release|Win32.ActiveCfg = Release|Win32
		{5B7B59D3-BEF3-4678-AF00-272422A79AFB}.Release|Win32.Build.0 = Release|Win32
		{5B7B59D3-BEF3-4678-AF00-272422A79AFB}.ReleaseDLL|Any CPU.ActiveCfg = Release|Win32
		{5B7B59D3-BEF3-4678-AF00-272422A79AFB}.ReleaseDLL|Mixed Platforms.ActiveCfg = Release|Win32
		{5B7B59D3-BEF3-4678-AF00-272422A79AFB}.ReleaseDLL|Mixed Platforms.Build.0 = Release|Win32
		{5B7B59D3-BEF3-4678-AF00-272422A79AFB}.ReleaseDLL|Win32.ActiveCfg = Release|Win32
		{5B7B59D3-BEF3-4678-AF00-272422A79AFB}.ReleaseDLL|Win32.Build.0 = Release|Win32
		{98A810B3-B856-4929-A8EC-51547F0261FE}.Debug|Any CPU.ActiveCfg = Debug|Win32
		{98A810B3-B856-4929-A8EC-51547F0261FE}.Debug|Any CPU.Build.0 = Debug|Win32
		{98A810B3-B856-4929-A8EC-51547F0261FE}.Debug|Mixed Platforms.ActiveCfg = Debug|Win32
		{98A810B3-B856-4929-A8EC-51547F0261FE}.Debug|Mixed Platforms.Build.0 = Debug|Win32
		{98A810B3-B856-4929-A8EC-51547F0261FE}.Debug|Win32.ActiveCfg = Debug|Win32
		{98A810B3-B856-4929-A8EC-51547F0261FE}.Debug|Win32.Build.0 = Debug|Win32
		{98A810B3-B856-4929-A8EC-51547F0261FE}.DebugCLR|Any CPU.ActiveCfg = DebugCLR|Win32
		{98A810B3-B856-4929-A8EC-51547F0261FE}.DebugCLR|Mixed Platforms.ActiveCfg = DebugCLR|Win32
		{98A810B3-B856-4929-A8EC-51547F0261FE}.DebugCLR|Mixed Platforms.Build.0 = DebugCLR|Win32
		{98A810B3-B856-4929-A8EC-51547F0261FE}.DebugCLR|Win32.ActiveCfg = DebugCLR|Win32
		{98A810B3-B856-4929-A8EC-51547F0261FE}.DebugDLL|Any CPU.ActiveCfg = DebugCLR|Win32
		{98A810B3-B856-4929-A8EC-51547F0261FE}.DebugDLL|Mixed Platforms.ActiveCfg = DebugCLR|Win32
		{98A810B3-B856-4929-A8EC-51547F0261FE}.DebugDLL|Mixed Platforms.Build.0 = DebugCLR|Win32
		{98A810B3-B856-4929-A8EC-51547F0261FE}.DebugDLL|Win32.ActiveCfg = DebugCLR|Win32
		{98A810B3-B856-4929-A8EC-51547F0261FE}.DebugDLL|Win32.Build.0 = DebugCLR|Win32
		{98A810B3-B856-4929-A8EC-51547F0261FE}.Optimised|Any CPU.ActiveCfg = Optimised|Win32
		{98A810B3-B856-4929-A8EC-51547F0261FE}.Optimised|Mixed Platforms.ActiveCfg = Optimised|Win32
		{98A810B3-B856-4929-A8EC-51547F0261FE}.Optimised|Mixed Platforms.Build.0 = Optimised|Win32
		{98A810B3-B856-4929-A8EC-51547F0261FE}.Optimised|Win32.ActiveCfg = Optimised|Win32
		{98A810B3-B856-4929-A8EC-51547F0261FE}.Optimised|Win32.Build.0 = Optimised|Win32
		{98A810B3-B856-4929-A8EC-51547F0261FE}.OptimiseWithSymbols|Any CPU.ActiveCfg = OptimiseWithSymbols|Win32
		{98A810B3-B856-4929-A8EC-51547F0261FE}.OptimiseWithSymbols|Mixed Platforms.ActiveCfg = OptimiseWithSymbols|Win32
		{98A810B3-B856-4929-A8EC-51547F0261FE}.OptimiseWithSymbols|Mixed Platforms.Build.0 = OptimiseWithSymbols|Win32
		{98A810B3-B856-4929-A8EC-51547F0261FE}.OptimiseWithSymbols|Win32.ActiveCfg = OptimiseWithSymbols|Win32
		{98A810B3-B856-4929-A8EC-51547F0261FE}.OptimiseWithSymbols|Win32.Build.0 = OptimiseWithSymbols|Win32
		{98A810B3-B856-4929-A8EC-51547F0261FE}.OptWithSym|Any CPU.ActiveCfg = OptWithSym|Win32
		{98A810B3-B856-4929-A8EC-51547F0261FE}.OptWithSym|Mixed Platforms.ActiveCfg = OptWithSym|Win32
		{98A810B3-B856-4929-A8EC-51547F0261FE}.OptWithSym|Mixed Platforms.Build.0 = OptWithSym|Win32
		{98A810B3-B856-4929-A8EC-51547F0261FE}.OptWithSym|Win32.ActiveCfg = OptWithSym|Win32
		{98A810B3-B856-4929-A8EC-51547F0261FE}.OptWithSym|Win32.Build.0 = OptWithSym|Win32
		{98A810B3-B856-4929-A8EC-51547F0261FE}.Release|Any CPU.ActiveCfg = Release|Win32
		{98A810B3-B856-4929-A8EC-51547F0261FE}.Release|Mixed Platforms.ActiveCfg = Release|Win32
		{98A810B3-B856-4929-A8EC-51547F0261FE}.Release|Mixed Platforms.Build.0 = Release|Win32
		{98A810B3-B856-4929-A8EC-51547F0261FE}.Release|Win32.ActiveCfg = Release|Win32
		{98A810B3-B856-4929-A8EC-51547F0261FE}.Release|Win32.Build.0 = Release|Win32
		{98A810B3-B856-4929-A8EC-51547F0261FE}.ReleaseDLL|Any CPU.ActiveCfg = Release|Win32
		{98A810B3-B856-4929-A8EC-51547F0261FE}.ReleaseDLL|Mixed Platforms.ActiveCfg = Release|Win32
		{98A810B3-B856-4929-A8EC-51547F0261FE}.ReleaseDLL|Mixed Platforms.Build.0 = Release|Win32
		{98A810B3-B856-4929-A8EC-51547F0261FE}.ReleaseDLL|Win32.ActiveCfg = Release|Win32
		{98A810B3-B856-4929-A8EC-51547F0261FE}.ReleaseDLL|Win32.Build.0 = Release|Win32
		{7B9BFF70-C243-4C9D-AAE0-7C35D22D6A18}.Debug|Any CPU.ActiveCfg = Debug|Win32
		{7B9BFF70-C243-4C9D-AAE0-7C35D22D6A18}.Debug|Any CPU.Build.0 = Debug|Win32
		{7B9BFF70-C243-4C9D-AAE0-7C35D22D6A18}.Debug|Mixed Platforms.ActiveCfg = Debug|Win32
		{7B9BFF70-C243-4C9D-AAE0-7C35D22D6A18}.Debug|Mixed Platforms.Build.0 = Debug|Win32
		{7B9BFF70-C243-4C9D-AAE0-7C35D22D6A18}.Debug|Win32.ActiveCfg = Debug|Win32
		{7B9BFF70-C243-4C9D-AAE0-7C35D22D6A18}.Debug|Win32.Build.0 = Debug|Win32
		{7B9BFF70-C243-4C9D-AAE0-7C35D22D6A18}.DebugCLR|Any CPU.ActiveCfg = DebugCLR|Win32
		{7B9BFF70-C243-4C9D-AAE0-7C35D22D6A18}.DebugCLR|Mixed Platforms.ActiveCfg = DebugCLR|Win32
		{7B9BFF70-C243-4C9D-AAE0-7C35D22D6A18}.DebugCLR|Mixed Platforms.Build.0 = DebugCLR|Win32
		{7B9BFF70-C243-4C9D-AAE0-7C35D22D6A18}.DebugCLR|Win32.ActiveCfg = DebugCLR|Win32
		{7B9BFF70-C243-4C9D-AAE0-7C35D22D6A18}.DebugDLL|Any CPU.ActiveCfg = DebugCLR|Win32
		{7B9BFF70-C243-4C9D-AAE0-7C35D22D6A18}.DebugDLL|Mixed Platforms.ActiveCfg = DebugCLR|Win32
		{7B9BFF70-C243-4C9D-AAE0-7C35D22D6A18}.DebugDLL|Mixed Platforms.Build.0 = DebugCLR|Win32
		{7B9BFF70-C243-4C9D-AAE0-7C35D22D6A18}.DebugDLL|Win32.ActiveCfg = DebugCLR|Win32
		{7B9BFF70-C243-4C9D-AAE0-7C35D22D6A18}.DebugDLL|Win32.Build.0 = DebugCLR|Win32
		{7B9BFF70-C243-4C9D-AAE0-7C35D22D6A18}.Optimised|Any CPU.ActiveCfg = Optimised|Win32
		{7B9BFF70-C243-4C9D-AAE0-7C35D22D6A18}.Optimised|Mixed Platforms.ActiveCfg = Optimised|Win32
		{7B9BFF70-C243-4C9D-AAE0-7C35D22D6A18}.Optimised|Mixed Platforms.Build.0 = Optimised|Win32
		{7B9BFF70-C243-4C9D-AAE0-7C35D22D6A18}.Optimised|Win32.ActiveCfg = Optimised|Win32
		{7B9BFF70-C243-4C9D-AAE0-7C35D22D6A18}.Optimised|Win32.Build.0 = Optimised|Win32
		{7B9BFF70-C243-4C9D-AAE0-7C35D22D6A18}.OptimiseWithSymbols|Any CPU.ActiveCfg = OptimiseWithSymbols|Win32
		{7B9BFF70-C243-4C9D-AAE0-7C35D22D6A18}.OptimiseWithSymbols|Mixed Platforms.ActiveCfg = OptimiseWithSymbols|Win32
		{7B9BFF70-C243-4C9D-AAE0-7C35D22D6A18}.OptimiseWithSymbols|Mixed Platforms.Build.0 = OptimiseWithSymbols|Win32
		{7B9BFF70-C243-4C9D-AAE0-7C35D22D6A18}.OptimiseWithSymbols|Win32.ActiveCfg = OptimiseWithSymbols|Win32
		{7B9BFF70-C243-4C9D-AAE0-7C35D22D6A18}.OptimiseWithSymbols|Win32.Build.0 = OptimiseWithSymbols|Win32
		{7B9BFF70-C243-4C9D-AAE0-7C35D22D6A18}.OptWithSym|Any CPU.ActiveCfg = OptWithSym|Win32
		{7B9BFF70-C243-4C9D-AAE0-7C35D22D6A18}.OptWithSym|Mixed Platforms.ActiveCfg = OptWithSym|Win32
		{7B9BFF70-C243-4C9D-AAE0-7C35D22D6A18}.OptWithSym|Mixed Platforms.Build.0 = OptWithSym|Win32
		{7B9BFF70-C243-4C9D-AAE0-7C35D22D6A18}.OptWithSym|Win32.ActiveCfg = OptWithSym|Win32
		{7B9BFF70-C243-4C9D-AAE0-7C35D22D6A18}.OptWithSym|Win32.Build.0 = OptWithSym|Win32
		{7B9BFF70-C243-4C9D-AAE0-7C35D22D6A18}.Release|Any CPU.ActiveCfg = Release|Win32
		{7B9BFF70-C243-4C9D-AAE0-7C35D22D6A18}.Release|Mixed Platforms.ActiveCfg = Release|Win32
		{7B9BFF70-C243-4C9D-AAE0-7C35D22D6A18}.Release|Mixed Platforms.Build.0 = Release|Win32
		{7B9BFF70-C243-4C9D-AAE0-7C35D22D6A18}.Release|Win32.ActiveCfg = Release|Win32
		{7B9BFF70-C243-4C9D-AAE0-7C35D22D6A18}.Release|Win32.Build.0 = Release|Win32
		{7B9BFF70-C243-4C9D-AAE0-7C35D22D6A18}.ReleaseDLL|Any CPU.ActiveCfg = Release|Win32
		{7B9BFF70-C243-4C9D-AAE0-7C35D22D6A18}.ReleaseDLL|Mixed Platforms.ActiveCfg = Release|Win32
		{7B9BFF70-C243-4C9D-AAE0-7C35D22D6A18}.ReleaseDLL|Mixed Platforms.Build.0 = Release|Win32
		{7B9BFF70-C243-4C9D-AAE0-7C35D22D6A18}.ReleaseDLL|Win32.ActiveCfg = Release|Win32
		{7B9BFF70-C243-4C9D-AAE0-7C35D22D6A18}.ReleaseDLL|Win32.Build.0 = Release|Win32
		{8CF7DDF3-B8C9-4C83-8B8F-31BB3C2B7452}.Debug|Any CPU.ActiveCfg = Debug|Win32
		{8CF7DDF3-B8C9-4C83-8B8F-31BB3C2B7452}.Debug|Mixed Platforms.ActiveCfg = Debug|Win32
		{8CF7DDF3-B8C9-4C83-8B8F-31BB3C2B7452}.Debug|Win32.ActiveCfg = Debug|Win32
		{8CF7DDF3-B8C9-4C83-8B8F-31BB3C2B7452}.DebugCLR|Any CPU.ActiveCfg = DebugCLR|Win32
		{8CF7DDF3-B8C9-4C83-8B8F-31BB3C2B7452}.DebugCLR|Any CPU.Build.0 = DebugCLR|Win32
		{8CF7DDF3-B8C9-4C83-8B8F-31BB3C2B7452}.DebugCLR|Mixed Platforms.ActiveCfg = DebugCLR|Win32
		{8CF7DDF3-B8C9-4C83-8B8F-31BB3C2B7452}.DebugCLR|Mixed Platforms.Build.0 = DebugCLR|Win32
		{8CF7DDF3-B8C9-4C83-8B8F-31BB3C2B7452}.DebugCLR|Win32.ActiveCfg = DebugCLR|Win32
		{8CF7DDF3-B8C9-4C83-8B8F-31BB3C2B7452}.DebugCLR|Win32.Build.0 = DebugCLR|Win32
		{8CF7DDF3-B8C9-4C83-8B8F-31BB3C2B7452}.DebugDLL|Any CPU.ActiveCfg = DebugCLR|Win32
		{8CF7DDF3-B8C9-4C83-8B8F-31BB3C2B7452}.DebugDLL|Mixed Platforms.ActiveCfg = DebugCLR|Win32
		{8CF7DDF3-B8C9-4C83-8B8F-31BB3C2B7452}.DebugDLL|Mixed Platforms.Build.0 = DebugCLR|Win32
		{8CF7DDF3-B8C9-4C83-8B8F-31BB3C2B7452}.DebugDLL|Win32.ActiveCfg = DebugCLR|Win32
		{8CF7DDF3-B8C9-4C83-8B8F-31BB3C2B7452}.DebugDLL|Win32.Build.0 = DebugCLR|Win32
		{8CF7DDF3-B8C9-4C83-8B8F-31BB3C2B7452}.Optimised|Any CPU.ActiveCfg = Optimised|Win32
		{8CF7DDF3-B8C9-4C83-8B8F-31BB3C2B7452}.Optimised|Mixed Platforms.ActiveCfg = Optimised|Win32
		{8CF7DDF3-B8C9-4C83-8B8F-31BB3C2B7452}.Optimised|Win32.ActiveCfg = Optimised|Win32
		{8CF7DDF3-B8C9-4C83-8B8F-31BB3C2B7452}.OptimiseWithSymbols|Any CPU.ActiveCfg = OptimiseWithSymbols|Win32
		{8CF7DDF3-B8C9-4C83-8B8F-31BB3C2B7452}.OptimiseWithSymbols|Mixed Platforms.ActiveCfg = OptimiseWithSymbols|Win32
		{8CF7DDF3-B8C9-4C83-8B8F-31BB3C2B7452}.OptimiseWithSymbols|Mixed Platforms.Build.0 = OptimiseWithSymbols|Win32
		{8CF7DDF3-B8C9-4C83-8B8F-31BB3C2B7452}.OptimiseWithSymbols|Win32.ActiveCfg = OptimiseWithSymbols|Win32
		{8CF7DDF3-B8C9-4C83-8B8F-31BB3C2B7452}.OptimiseWithSymbols|Win32.Build.0 = OptimiseWithSymbols|Win32
		{8CF7DDF3-B8C9-4C83-8B8F-31BB3C2B7452}.OptWithSym|Any CPU.ActiveCfg = OptWithSym|Win32
		{8CF7DDF3-B8C9-4C83-8B8F-31BB3C2B7452}.OptWithSym|Mixed Platforms.ActiveCfg = OptWithSym|Win32
		{8CF7DDF3-B8C9-4C83-8B8F-31BB3C2B7452}.OptWithSym|Mixed Platforms.Build.0 = OptWithSym|Win32
		{8CF7DDF3-B8C9-4C83-8B8F-31BB3C2B7452}.OptWithSym|Win32.ActiveCfg = OptWithSym|Win32
		{8CF7DDF3-B8C9-4C83-8B8F-31BB3C2B7452}.Release|Any CPU.ActiveCfg = Release|Win32
		{8CF7DDF3-B8C9-4C83-8B8F-31BB3C2B7452}.Release|Mixed Platforms.ActiveCfg = Release|Win32
		{8CF7DDF3-B8C9-4C83-8B8F-31BB3C2B7452}.Release|Mixed Platforms.Build.0 = Release|Win32
		{8CF7DDF3-B8C9-4C83-8B8F-31BB3C2B7452}.Release|Win32.ActiveCfg = Release|Win32
		{8CF7DDF3-B8C9-4C83-8B8F-31BB3C2B7452}.Release|Win32.Build.0 = Release|Win32
		{8CF7DDF3-B8C9-4C83-8B8F-31BB3C2B7452}.ReleaseDLL|Any CPU.ActiveCfg = Release|Win32
		{8CF7DDF3-B8C9-4C83-8B8F-31BB3C2B7452}.ReleaseDLL|Mixed Platforms.ActiveCfg = Release|Win32
		{8CF7DDF3-B8C9-4C83-8B8F-31BB3C2B7452}.ReleaseDLL|Mixed Platforms.Build.0 = Release|Win32
		{8CF7DDF3-B8C9-4C83-8B8F-31BB3C2B7452}.ReleaseDLL|Win32.ActiveCfg = Release|Win32
		{8CF7DDF3-B8C9-4C83-8B8F-31BB3C2B7452}.ReleaseDLL|Win32.Build.0 = Release|Win32
		{5D81BB66-0A5D-4987-AA14-231F03E50EB7}.Debug|Any CPU.ActiveCfg = Debug|Any CPU
		{5D81BB66-0A5D-4987-AA14-231F03E50EB7}.Debug|Mixed Platforms.ActiveCfg = Debug|Any CPU
		{5D81BB66-0A5D-4987-AA14-231F03E50EB7}.Debug|Win32.ActiveCfg = Debug|Any CPU
		{5D81BB66-0A5D-4987-AA14-231F03E50EB7}.DebugCLR|Any CPU.ActiveCfg = DebugCLR|Any CPU
		{5D81BB66-0A5D-4987-AA14-231F03E50EB7}.DebugCLR|Any CPU.Build.0 = DebugCLR|Any CPU
		{5D81BB66-0A5D-4987-AA14-231F03E50EB7}.DebugCLR|Mixed Platforms.ActiveCfg = DebugCLR|Any CPU
		{5D81BB66-0A5D-4987-AA14-231F03E50EB7}.DebugCLR|Mixed Platforms.Build.0 = DebugCLR|Any CPU
		{5D81BB66-0A5D-4987-AA14-231F03E50EB7}.DebugCLR|Win32.ActiveCfg = DebugCLR|Any CPU
		{5D81BB66-0A5D-4987-AA14-231F03E50EB7}.DebugCLR|Win32.Build.0 = DebugCLR|Any CPU
		{5D81BB66-0A5D-4987-AA14-231F03E50EB7}.DebugDLL|Any CPU.ActiveCfg = DebugCLR|Any CPU
		{5D81BB66-0A5D-4987-AA14-231F03E50EB7}.DebugDLL|Any CPU.Build.0 = DebugCLR|Any CPU
		{5D81BB66-0A5D-4987-AA14-231F03E50EB7}.DebugDLL|Mixed Platforms.ActiveCfg = DebugCLR|Any CPU
		{5D81BB66-0A5D-4987-AA14-231F03E50EB7}.DebugDLL|Mixed Platforms.Build.0 = DebugCLR|Any CPU
		{5D81BB66-0A5D-4987-AA14-231F03E50EB7}.DebugDLL|Win32.ActiveCfg = DebugCLR|Any CPU
		{5D81BB66-0A5D-4987-AA14-231F03E50EB7}.Optimised|Any CPU.ActiveCfg = Optimised|Any CPU
		{5D81BB66-0A5D-4987-AA14-231F03E50EB7}.Optimised|Mixed Platforms.ActiveCfg = Optimised|Any CPU
		{5D81BB66-0A5D-4987-AA14-231F03E50EB7}.Optimised|Win32.ActiveCfg = Optimised|Any CPU
		{5D81BB66-0A5D-4987-AA14-231F03E50EB7}.OptimiseWithSymbols|Any CPU.ActiveCfg = OptimiseWithSymbols|Any CPU
		{5D81BB66-0A5D-4987-AA14-231F03E50EB7}.OptimiseWithSymbols|Any CPU.Build.0 = OptimiseWithSymbols|Any CPU
		{5D81BB66-0A5D-4987-AA14-231F03E50EB7}.OptimiseWithSymbols|Mixed Platforms.ActiveCfg = OptimiseWithSymbols|Any CPU
		{5D81BB66-0A5D-4987-AA14-231F03E50EB7}.OptimiseWithSymbols|Mixed Platforms.Build.0 = OptimiseWithSymbols|Any CPU
		{5D81BB66-0A5D-4987-AA14-231F03E50EB7}.OptimiseWithSymbols|Win32.ActiveCfg = OptimiseWithSymbols|Any CPU
		{5D81BB66-0A5D-4987-AA14-231F03E50EB7}.OptWithSym|Any CPU.ActiveCfg = OptWithSym|Any CPU
		{5D81BB66-0A5D-4987-AA14-231F03E50EB7}.OptWithSym|Mixed Platforms.ActiveCfg = OptWithSym|Any CPU
		{5D81BB66-0A5D-4987-AA14-231F03E50EB7}.OptWithSym|Mixed Platforms.Build.0 = OptWithSym|Any CPU
		{5D81BB66-0A5D-4987-AA14-231F03E50EB7}.OptWithSym|Win32.ActiveCfg = OptWithSym|Any CPU
		{5D81BB66-0A5D-4987-AA14-231F03E50EB7}.Release|Any CPU.ActiveCfg = Release|Any CPU
		{5D81BB66-0A5D-4987-AA14-231F03E50EB7}.Release|Any CPU.Build.0 = Release|Any CPU
		{5D81BB66-0A5D-4987-AA14-231F03E50EB7}.Release|Mixed Platforms.ActiveCfg = Release|Any CPU
		{5D81BB66-0A5D-4987-AA14-231F03E50EB7}.Release|Mixed Platforms.Build.0 = Release|Any CPU
		{5D81BB66-0A5D-4987-AA14-231F03E50EB7}.Release|Win32.ActiveCfg = Release|Any CPU
		{5D81BB66-0A5D-4987-AA14-231F03E50EB7}.ReleaseDLL|Any CPU.ActiveCfg = Release|Any CPU
		{5D81BB66-0A5D-4987-AA14-231F03E50EB7}.ReleaseDLL|Any CPU.Build.0 = Release|Any CPU
		{5D81BB66-0A5D-4987-AA14-231F03E50EB7}.ReleaseDLL|Mixed Platforms.ActiveCfg = Release|Any CPU
		{5D81BB66-0A5D-4987-AA14-231F03E50EB7}.ReleaseDLL|Mixed Platforms.Build.0 = Release|Any CPU
		{5D81BB66-0A5D-4987-AA14-231F03E50EB7}.ReleaseDLL|Win32.ActiveCfg = Release|Any CPU
		{65C99880-AEB9-4F0A-AA53-699B0E0603C8}.Debug|Any CPU.ActiveCfg = Debug|Any CPU
		{65C99880-AEB9-4F0A-AA53-699B0E0603C8}.Debug|Mixed Platforms.ActiveCfg = Debug|Any CPU
		{65C99880-AEB9-4F0A-AA53-699B0E0603C8}.Debug|Win32.ActiveCfg = Debug|Any CPU
		{65C99880-AEB9-4F0A-AA53-699B0E0603C8}.DebugCLR|Any CPU.ActiveCfg = Debug|Any CPU
		{65C99880-AEB9-4F0A-AA53-699B0E0603C8}.DebugCLR|Any CPU.Build.0 = Debug|Any CPU
		{65C99880-AEB9-4F0A-AA53-699B0E0603C8}.DebugCLR|Mixed Platforms.ActiveCfg = Debug|Any CPU
		{65C99880-AEB9-4F0A-AA53-699B0E0603C8}.DebugCLR|Mixed Platforms.Build.0 = Debug|Any CPU
		{65C99880-AEB9-4F0A-AA53-699B0E0603C8}.DebugCLR|Win32.ActiveCfg = Debug|Any CPU
		{65C99880-AEB9-4F0A-AA53-699B0E0603C8}.DebugDLL|Any CPU.ActiveCfg = Debug|Any CPU
		{65C99880-AEB9-4F0A-AA53-699B0E0603C8}.DebugDLL|Any CPU.Build.0 = Debug|Any CPU
		{65C99880-AEB9-4F0A-AA53-699B0E0603C8}.DebugDLL|Mixed Platforms.ActiveCfg = Debug|Any CPU
		{65C99880-AEB9-4F0A-AA53-699B0E0603C8}.DebugDLL|Mixed Platforms.Build.0 = Debug|Any CPU
		{65C99880-AEB9-4F0A-AA53-699B0E0603C8}.DebugDLL|Win32.ActiveCfg = Debug|Any CPU
		{65C99880-AEB9-4F0A-AA53-699B0E0603C8}.Optimised|Any CPU.ActiveCfg = Optimised|Any CPU
		{65C99880-AEB9-4F0A-AA53-699B0E0603C8}.Optimised|Mixed Platforms.ActiveCfg = Optimised|Any CPU
		{65C99880-AEB9-4F0A-AA53-699B0E0603C8}.Optimised|Win32.ActiveCfg = Optimised|Any CPU
		{65C99880-AEB9-4F0A-AA53-699B0E0603C8}.OptimiseWithSymbols|Any CPU.ActiveCfg = OptimiseWithSymbols|Any CPU
		{65C99880-AEB9-4F0A-AA53-699B0E0603C8}.OptimiseWithSymbols|Any CPU.Build.0 = OptimiseWithSymbols|Any CPU
		{65C99880-AEB9-4F0A-AA53-699B0E0603C8}.OptimiseWithSymbols|Mixed Platforms.ActiveCfg = OptimiseWithSymbols|Any CPU
		{65C99880-AEB9-4F0A-AA53-699B0E0603C8}.OptimiseWithSymbols|Mixed Platforms.Build.0 = OptimiseWithSymbols|Any CPU
		{65C99880-AEB9-4F0A-AA53-699B0E0603C8}.OptimiseWithSymbols|Win32.ActiveCfg = OptimiseWithSymbols|Any CPU
		{65C99880-AEB9-4F0A-AA53-699B0E0603C8}.OptWithSym|Any CPU.ActiveCfg = OptWithSym|Any CPU
		{65C99880-AEB9-4F0A-AA53-699B0E0603C8}.OptWithSym|Mixed Platforms.ActiveCfg = OptWithSym|Any CPU
		{65C99880-AEB9-4F0A-AA53-699B0E0603C8}.OptWithSym|Mixed Platforms.Build.0 = OptWithSym|Any CPU
		{65C99880-AEB9-4F0A-AA53-699B0E0603C8}.OptWithSym|Win32.ActiveCfg = OptWithSym|Any CPU
		{65C99880-AEB9-4F0A-AA53-699B0E0603C8}.Release|Any CPU.ActiveCfg = Release|Any CPU
		{65C99880-AEB9-4F0A-AA53-699B0E0603C8}.Release|Any CPU.Build.0 = Release|Any CPU
		{65C99880-AEB9-4F0A-AA53-699B0E0603C8}.Release|Mixed Platforms.ActiveCfg = Release|Any CPU
		{65C99880-AEB9-4F0A-AA53-699B0E0603C8}.Release|Mixed Platforms.Build.0 = Release|Any CPU
		{65C99880-AEB9-4F0A-AA53-699B0E0603C8}.Release|Win32.ActiveCfg = Release|Any CPU
		{65C99880-AEB9-4F0A-AA53-699B0E0603C8}.ReleaseDLL|Any CPU.ActiveCfg = Release|Any CPU
		{65C99880-AEB9-4F0A-AA53-699B0E0603C8}.ReleaseDLL|Any CPU.Build.0 = Release|Any CPU
		{65C99880-AEB9-4F0A-AA53-699B0E0603C8}.ReleaseDLL|Mixed Platforms.ActiveCfg = Release|Any CPU
		{65C99880-AEB9-4F0A-AA53-699B0E0603C8}.ReleaseDLL|Mixed Platforms.Build.0 = Release|Any CPU
		{65C99880-AEB9-4F0A-AA53-699B0E0603C8}.ReleaseDLL|Win32.ActiveCfg = Release|Any CPU
		{A69591E7-2396-4956-9A2D-987C6A0659DD}.Debug|Any CPU.ActiveCfg = Debug|Any CPU
		{A69591E7-2396-4956-9A2D-987C6A0659DD}.Debug|Mixed Platforms.ActiveCfg = Debug|Any CPU
		{A69591E7-2396-4956-9A2D-987C6A0659DD}.Debug|Win32.ActiveCfg = Debug|Any CPU
		{A69591E7-2396-4956-9A2D-987C6A0659DD}.DebugCLR|Any CPU.ActiveCfg = Debug|Any CPU
		{A69591E7-2396-4956-9A2D-987C6A0659DD}.DebugCLR|Any CPU.Build.0 = Debug|Any CPU
		{A69591E7-2396-4956-9A2D-987C6A0659DD}.DebugCLR|Mixed Platforms.ActiveCfg = Debug|Any CPU
		{A69591E7-2396-4956-9A2D-987C6A0659DD}.DebugCLR|Mixed Platforms.Build.0 = Debug|Any CPU
		{A69591E7-2396-4956-9A2D-987C6A0659DD}.DebugCLR|Win32.ActiveCfg = Debug|Any CPU
		{A69591E7-2396-4956-9A2D-987C6A0659DD}.DebugDLL|Any CPU.ActiveCfg = Debug|Any CPU
		{A69591E7-2396-4956-9A2D-987C6A0659DD}.DebugDLL|Any CPU.Build.0 = Debug|Any CPU
		{A69591E7-2396-4956-9A2D-987C6A0659DD}.DebugDLL|Mixed Platforms.ActiveCfg = Debug|Any CPU
		{A69591E7-2396-4956-9A2D-987C6A0659DD}.DebugDLL|Mixed Platforms.Build.0 = Debug|Any CPU
		{A69591E7-2396-4956-9A2D-987C6A0659DD}.DebugDLL|Win32.ActiveCfg = Debug|Any CPU
		{A69591E7-2396-4956-9A2D-987C6A0659DD}.Optimised|Any CPU.ActiveCfg = Optimised|Any CPU
		{A69591E7-2396-4956-9A2D-987C6A0659DD}.Optimised|Mixed Platforms.ActiveCfg = Optimised|Any CPU
		{A69591E7-2396-4956-9A2D-987C6A0659DD}.Optimised|Win32.ActiveCfg = Optimised|Any CPU
		{A69591E7-2396-4956-9A2D-987C6A0659DD}.OptimiseWithSymbols|Any CPU.ActiveCfg = OptimiseWithSymbols|Any CPU
		{A69591E7-2396-4956-9A2D-987C6A0659DD}.OptimiseWithSymbols|Any CPU.Build.0 = OptimiseWithSymbols|Any CPU
		{A69591E7-2396-4956-9A2D-987C6A0659DD}.OptimiseWithSymbols|Mixed Platforms.ActiveCfg = OptimiseWithSymbols|Any CPU
		{A69591E7-2396-4956-9A2D-987C6A0659DD}.OptimiseWithSymbols|Mixed Platforms.Build.0 = OptimiseWithSymbols|Any CPU
		{A69591E7-2396-4956-9A2D-987C6A0659DD}.OptimiseWithSymbols|Win32.ActiveCfg = OptimiseWithSymbols|Any CPU
		{A69591E7-2396-4956-9A2D-987C6A0659DD}.OptWithSym|Any CPU.ActiveCfg = OptWithSym|Any CPU
		{A69591E7-2396-4956-9A2D-987C6A0659DD}.OptWithSym|Mixed Platforms.ActiveCfg = OptWithSym|Any CPU
		{A69591E7-2396-4956-9A2D-987C6A0659DD}.OptWithSym|Mixed Platforms.Build.0 = OptWithSym|Any CPU
		{A69591E7-2396-4956-9A2D-987C6A0659DD}.OptWithSym|Win32.ActiveCfg = OptWithSym|Any CPU
		{A69591E7-2396-4956-9A2D-987C6A0659DD}.Release|Any CPU.ActiveCfg = Release|Any CPU
		{A69591E7-2396-4956-9A2D-987C6A0659DD}.Release|Any CPU.Build.0 = Release|Any CPU
		{A69591E7-2396-4956-9A2D-987C6A0659DD}.Release|Mixed Platforms.ActiveCfg = Release|Any CPU
		{A69591E7-2396-4956-9A2D-987C6A0659DD}.Release|Mixed Platforms.Build.0 = Release|Any CPU
		{A69591E7-2396-4956-9A2D-987C6A0659DD}.Release|Win32.ActiveCfg = Release|Any CPU
		{A69591E7-2396-4956-9A2D-987C6A0659DD}.ReleaseDLL|Any CPU.ActiveCfg = Release|Any CPU
		{A69591E7-2396-4956-9A2D-987C6A0659DD}.ReleaseDLL|Any CPU.Build.0 = Release|Any CPU
		{A69591E7-2396-4956-9A2D-987C6A0659DD}.ReleaseDLL|Mixed Platforms.ActiveCfg = Release|Any CPU
		{A69591E7-2396-4956-9A2D-987C6A0659DD}.ReleaseDLL|Mixed Platforms.Build.0 = Release|Any CPU
		{A69591E7-2396-4956-9A2D-987C6A0659DD}.ReleaseDLL|Win32.ActiveCfg = Release|Any CPU
		{78B6595D-7B41-425A-B8B4-0840CAA6374B}.Debug|Any CPU.ActiveCfg = Debug|Any CPU
		{78B6595D-7B41-425A-B8B4-0840CAA6374B}.Debug|Mixed Platforms.ActiveCfg = Debug|Any CPU
		{78B6595D-7B41-425A-B8B4-0840CAA6374B}.Debug|Win32.ActiveCfg = Debug|Any CPU
		{78B6595D-7B41-425A-B8B4-0840CAA6374B}.DebugCLR|Any CPU.ActiveCfg = Debug|Any CPU
		{78B6595D-7B41-425A-B8B4-0840CAA6374B}.DebugCLR|Any CPU.Build.0 = Debug|Any CPU
		{78B6595D-7B41-425A-B8B4-0840CAA6374B}.DebugCLR|Mixed Platforms.ActiveCfg = Debug|Any CPU
		{78B6595D-7B41-425A-B8B4-0840CAA6374B}.DebugCLR|Mixed Platforms.Build.0 = Debug|Any CPU
		{78B6595D-7B41-425A-B8B4-0840CAA6374B}.DebugCLR|Win32.ActiveCfg = Debug|Any CPU
		{78B6595D-7B41-425A-B8B4-0840CAA6374B}.DebugCLR|Win32.Build.0 = Debug|Any CPU
		{78B6595D-7B41-425A-B8B4-0840CAA6374B}.DebugDLL|Any CPU.ActiveCfg = Debug|Any CPU
		{78B6595D-7B41-425A-B8B4-0840CAA6374B}.DebugDLL|Any CPU.Build.0 = Debug|Any CPU
		{78B6595D-7B41-425A-B8B4-0840CAA6374B}.DebugDLL|Mixed Platforms.ActiveCfg = Debug|Any CPU
		{78B6595D-7B41-425A-B8B4-0840CAA6374B}.DebugDLL|Mixed Platforms.Build.0 = Debug|Any CPU
		{78B6595D-7B41-425A-B8B4-0840CAA6374B}.DebugDLL|Win32.ActiveCfg = Debug|Any CPU
		{78B6595D-7B41-425A-B8B4-0840CAA6374B}.Optimised|Any CPU.ActiveCfg = Optimised|Any CPU
		{78B6595D-7B41-425A-B8B4-0840CAA6374B}.Optimised|Mixed Platforms.ActiveCfg = Optimised|Any CPU
		{78B6595D-7B41-425A-B8B4-0840CAA6374B}.Optimised|Win32.ActiveCfg = Optimised|Any CPU
		{78B6595D-7B41-425A-B8B4-0840CAA6374B}.OptimiseWithSymbols|Any CPU.ActiveCfg = OptimiseWithSymbols|Any CPU
		{78B6595D-7B41-425A-B8B4-0840CAA6374B}.OptimiseWithSymbols|Any CPU.Build.0 = OptimiseWithSymbols|Any CPU
		{78B6595D-7B41-425A-B8B4-0840CAA6374B}.OptimiseWithSymbols|Mixed Platforms.ActiveCfg = OptimiseWithSymbols|Any CPU
		{78B6595D-7B41-425A-B8B4-0840CAA6374B}.OptimiseWithSymbols|Mixed Platforms.Build.0 = OptimiseWithSymbols|Any CPU
		{78B6595D-7B41-425A-B8B4-0840CAA6374B}.OptimiseWithSymbols|Win32.ActiveCfg = OptimiseWithSymbols|Any CPU
		{78B6595D-7B41-425A-B8B4-0840CAA6374B}.OptWithSym|Any CPU.ActiveCfg = OptWithSym|Any CPU
		{78B6595D-7B41-425A-B8B4-0840CAA6374B}.OptWithSym|Mixed Platforms.ActiveCfg = OptWithSym|Any CPU
		{78B6595D-7B41-425A-B8B4-0840CAA6374B}.OptWithSym|Mixed Platforms.Build.0 = OptWithSym|Any CPU
		{78B6595D-7B41-425A-B8B4-0840CAA6374B}.OptWithSym|Win32.ActiveCfg = OptWithSym|Any CPU
		{78B6595D-7B41-425A-B8B4-0840CAA6374B}.Release|Any CPU.ActiveCfg = Release|Any CPU
		{78B6595D-7B41-425A-B8B4-0840CAA6374B}.Release|Any CPU.Build.0 = Release|Any CPU
		{78B6595D-7B41-425A-B8B4-0840CAA6374B}.Release|Mixed Platforms.ActiveCfg = Release|Any CPU
		{78B6595D-7B41-425A-B8B4-0840CAA6374B}.Release|Mixed Platforms.Build.0 = Release|Any CPU
		{78B6595D-7B41-425A-B8B4-0840CAA6374B}.Release|Win32.ActiveCfg = Release|Any CPU
		{78B6595D-7B41-425A-B8B4-0840CAA6374B}.ReleaseDLL|Any CPU.ActiveCfg = Release|Any CPU
		{78B6595D-7B41-425A-B8B4-0840CAA6374B}.ReleaseDLL|Any CPU.Build.0 = Release|Any CPU
		{78B6595D-7B41-425A-B8B4-0840CAA6374B}.ReleaseDLL|Mixed Platforms.ActiveCfg = Release|Any CPU
		{78B6595D-7B41-425A-B8B4-0840CAA6374B}.ReleaseDLL|Mixed Platforms.Build.0 = Release|Any CPU
		{78B6595D-7B41-425A-B8B4-0840CAA6374B}.ReleaseDLL|Win32.ActiveCfg = Release|Any CPU
		{57C70917-045F-4AEC-9CB7-464E708C25C3}.Debug|Any CPU.ActiveCfg = Debug|Win32
		{57C70917-045F-4AEC-9CB7-464E708C25C3}.Debug|Mixed Platforms.ActiveCfg = Debug|Win32
		{57C70917-045F-4AEC-9CB7-464E708C25C3}.Debug|Win32.ActiveCfg = Debug|Win32
		{57C70917-045F-4AEC-9CB7-464E708C25C3}.DebugCLR|Any CPU.ActiveCfg = Debug|Win32
		{57C70917-045F-4AEC-9CB7-464E708C25C3}.DebugCLR|Mixed Platforms.ActiveCfg = Debug|Win32
		{57C70917-045F-4AEC-9CB7-464E708C25C3}.DebugCLR|Mixed Platforms.Build.0 = Debug|Win32
		{57C70917-045F-4AEC-9CB7-464E708C25C3}.DebugCLR|Win32.ActiveCfg = Debug|Win32
		{57C70917-045F-4AEC-9CB7-464E708C25C3}.DebugDLL|Any CPU.ActiveCfg = Debug|Win32
		{57C70917-045F-4AEC-9CB7-464E708C25C3}.DebugDLL|Mixed Platforms.ActiveCfg = Debug|Win32
		{57C70917-045F-4AEC-9CB7-464E708C25C3}.DebugDLL|Mixed Platforms.Build.0 = Debug|Win32
		{57C70917-045F-4AEC-9CB7-464E708C25C3}.DebugDLL|Win32.ActiveCfg = Debug|Win32
		{57C70917-045F-4AEC-9CB7-464E708C25C3}.DebugDLL|Win32.Build.0 = Debug|Win32
		{57C70917-045F-4AEC-9CB7-464E708C25C3}.Optimised|Any CPU.ActiveCfg = Release|Win32
		{57C70917-045F-4AEC-9CB7-464E708C25C3}.Optimised|Mixed Platforms.ActiveCfg = Release|Win32
		{57C70917-045F-4AEC-9CB7-464E708C25C3}.Optimised|Mixed Platforms.Build.0 = Release|Win32
		{57C70917-045F-4AEC-9CB7-464E708C25C3}.Optimised|Win32.ActiveCfg = Release|Win32
		{57C70917-045F-4AEC-9CB7-464E708C25C3}.Optimised|Win32.Build.0 = Release|Win32
		{57C70917-045F-4AEC-9CB7-464E708C25C3}.OptimiseWithSymbols|Any CPU.ActiveCfg = OptWithSym|Win32
		{57C70917-045F-4AEC-9CB7-464E708C25C3}.OptimiseWithSymbols|Mixed Platforms.ActiveCfg = OptWithSym|Win32
		{57C70917-045F-4AEC-9CB7-464E708C25C3}.OptimiseWithSymbols|Mixed Platforms.Build.0 = OptWithSym|Win32
		{57C70917-045F-4AEC-9CB7-464E708C25C3}.OptimiseWithSymbols|Win32.ActiveCfg = OptWithSym|Win32
		{57C70917-045F-4AEC-9CB7-464E708C25C3}.OptimiseWithSymbols|Win32.Build.0 = OptWithSym|Win32
		{57C70917-045F-4AEC-9CB7-464E708C25C3}.OptWithSym|Any CPU.ActiveCfg = OptWithSym|Win32
		{57C70917-045F-4AEC-9CB7-464E708C25C3}.OptWithSym|Mixed Platforms.ActiveCfg = OptWithSym|Win32
		{57C70917-045F-4AEC-9CB7-464E708C25C3}.OptWithSym|Mixed Platforms.Build.0 = OptWithSym|Win32
		{57C70917-045F-4AEC-9CB7-464E708C25C3}.OptWithSym|Win32.ActiveCfg = OptWithSym|Win32
		{57C70917-045F-4AEC-9CB7-464E708C25C3}.Release|Any CPU.ActiveCfg = Release|Win32
		{57C70917-045F-4AEC-9CB7-464E708C25C3}.Release|Mixed Platforms.ActiveCfg = Release|Win32
		{57C70917-045F-4AEC-9CB7-464E708C25C3}.Release|Mixed Platforms.Build.0 = Release|Win32
		{57C70917-045F-4AEC-9CB7-464E708C25C3}.Release|Win32.ActiveCfg = Release|Win32
		{57C70917-045F-4AEC-9CB7-464E708C25C3}.Release|Win32.Build.0 = Release|Win32
		{57C70917-045F-4AEC-9CB7-464E708C25C3}.ReleaseDLL|Any CPU.ActiveCfg = Release|Win32
		{57C70917-045F-4AEC-9CB7-464E708C25C3}.ReleaseDLL|Mixed Platforms.ActiveCfg = Release|Win32
		{57C70917-045F-4AEC-9CB7-464E708C25C3}.ReleaseDLL|Mixed Platforms.Build.0 = Release|Win32
		{57C70917-045F-4AEC-9CB7-464E708C25C3}.ReleaseDLL|Win32.ActiveCfg = Release|Win32
		{57C70917-045F-4AEC-9CB7-464E708C25C3}.ReleaseDLL|Win32.Build.0 = Release|Win32
		{EEF4ACF9-5BD7-4EC4-B4DF-D3CFC34B2263}.Debug|Any CPU.ActiveCfg = Debug|Win32
		{EEF4ACF9-5BD7-4EC4-B4DF-D3CFC34B2263}.Debug|Mixed Platforms.ActiveCfg = Debug|Win32
		{EEF4ACF9-5BD7-4EC4-B4DF-D3CFC34B2263}.Debug|Mixed Platforms.Build.0 = Debug|Win32
		{EEF4ACF9-5BD7-4EC4-B4DF-D3CFC34B2263}.Debug|Win32.ActiveCfg = Debug|Win32
		{EEF4ACF9-5BD7-4EC4-B4DF-D3CFC34B2263}.Debug|Win32.Build.0 = Debug|Win32
		{EEF4ACF9-5BD7-4EC4-B4DF-D3CFC34B2263}.DebugCLR|Any CPU.ActiveCfg = DebugCLR|Win32
		{EEF4ACF9-5BD7-4EC4-B4DF-D3CFC34B2263}.DebugCLR|Mixed Platforms.ActiveCfg = DebugCLR|Win32
		{EEF4ACF9-5BD7-4EC4-B4DF-D3CFC34B2263}.DebugCLR|Mixed Platforms.Build.0 = DebugCLR|Win32
		{EEF4ACF9-5BD7-4EC4-B4DF-D3CFC34B2263}.DebugCLR|Win32.ActiveCfg = DebugCLR|Win32
		{EEF4ACF9-5BD7-4EC4-B4DF-D3CFC34B2263}.DebugCLR|Win32.Build.0 = DebugCLR|Win32
		{EEF4ACF9-5BD7-4EC4-B4DF-D3CFC34B2263}.DebugDLL|Any CPU.ActiveCfg = DebugCLR|Win32
		{EEF4ACF9-5BD7-4EC4-B4DF-D3CFC34B2263}.DebugDLL|Mixed Platforms.ActiveCfg = DebugCLR|Win32
		{EEF4ACF9-5BD7-4EC4-B4DF-D3CFC34B2263}.DebugDLL|Mixed Platforms.Build.0 = DebugCLR|Win32
		{EEF4ACF9-5BD7-4EC4-B4DF-D3CFC34B2263}.DebugDLL|Win32.ActiveCfg = DebugCLR|Win32
		{EEF4ACF9-5BD7-4EC4-B4DF-D3CFC34B2263}.DebugDLL|Win32.Build.0 = DebugCLR|Win32
		{EEF4ACF9-5BD7-4EC4-B4DF-D3CFC34B2263}.Optimised|Any CPU.ActiveCfg = Optimised|Win32
		{EEF4ACF9-5BD7-4EC4-B4DF-D3CFC34B2263}.Optimised|Mixed Platforms.ActiveCfg = Optimised|Win32
		{EEF4ACF9-5BD7-4EC4-B4DF-D3CFC34B2263}.Optimised|Mixed Platforms.Build.0 = Optimised|Win32
		{EEF4ACF9-5BD7-4EC4-B4DF-D3CFC34B2263}.Optimised|Win32.ActiveCfg = Optimised|Win32
		{EEF4ACF9-5BD7-4EC4-B4DF-D3CFC34B2263}.Optimised|Win32.Build.0 = Optimised|Win32
		{EEF4ACF9-5BD7-4EC4-B4DF-D3CFC34B2263}.OptimiseWithSymbols|Any CPU.ActiveCfg = OptimiseWithSymbols|Win32
		{EEF4ACF9-5BD7-4EC4-B4DF-D3CFC34B2263}.OptimiseWithSymbols|Mixed Platforms.ActiveCfg = OptimiseWithSymbols|Win32
		{EEF4ACF9-5BD7-4EC4-B4DF-D3CFC34B2263}.OptimiseWithSymbols|Mixed Platforms.Build.0 = OptimiseWithSymbols|Win32
		{EEF4ACF9-5BD7-4EC4-B4DF-D3CFC34B2263}.OptimiseWithSymbols|Win32.ActiveCfg = OptimiseWithSymbols|Win32
		{EEF4ACF9-5BD7-4EC4-B4DF-D3CFC34B2263}.OptimiseWithSymbols|Win32.Build.0 = OptimiseWithSymbols|Win32
		{EEF4ACF9-5BD7-4EC4-B4DF-D3CFC34B2263}.OptWithSym|Any CPU.ActiveCfg = OptWithSym|Win32
		{EEF4ACF9-5BD7-4EC4-B4DF-D3CFC34B2263}.OptWithSym|Mixed Platforms.ActiveCfg = OptWithSym|Win32
		{EEF4ACF9-5BD7-4EC4-B4DF-D3CFC34B2263}.OptWithSym|Mixed Platforms.Build.0 = OptWithSym|Win32
		{EEF4ACF9-5BD7-4EC4-B4DF-D3CFC34B2263}.OptWithSym|Win32.ActiveCfg = OptWithSym|Win32
		{EEF4ACF9-5BD7-4EC4-B4DF-D3CFC34B2263}.OptWithSym|Win32.Build.0 = OptWithSym|Win32
		{EEF4ACF9-5BD7-4EC4-B4DF-D3CFC34B2263}.Release|Any CPU.ActiveCfg = Release|Win32
		{EEF4ACF9-5BD7-4EC4-B4DF-D3CFC34B2263}.Release|Mixed Platforms.ActiveCfg = Release|Win32
		{EEF4ACF9-5BD7-4EC4-B4DF-D3CFC34B2263}.Release|Mixed Platforms.Build.0 = Release|Win32
		{EEF4ACF9-5BD7-4EC4-B4DF-D3CFC34B2263}.Release|Win32.ActiveCfg = Release|Win32
		{EEF4ACF9-5BD7-4EC4-B4DF-D3CFC34B2263}.Release|Win32.Build.0 = Release|Win32
		{EEF4ACF9-5BD7-4EC4-B4DF-D3CFC34B2263}.ReleaseDLL|Any CPU.ActiveCfg = Release|Win32
		{EEF4ACF9-5BD7-4EC4-B4DF-D3CFC34B2263}.ReleaseDLL|Mixed Platforms.ActiveCfg = Release|Win32
		{EEF4ACF9-5BD7-4EC4-B4DF-D3CFC34B2263}.ReleaseDLL|Mixed Platforms.Build.0 = Release|Win32
		{EEF4ACF9-5BD7-4EC4-B4DF-D3CFC34B2263}.ReleaseDLL|Win32.ActiveCfg = Release|Win32
		{EEF4ACF9-5BD7-4EC4-B4DF-D3CFC34B2263}.ReleaseDLL|Win32.Build.0 = Release|Win32
		{0F0FE03A-78F3-4B34-9DCE-0CDFF1FB5C40}.Debug|Any CPU.ActiveCfg = Debug|Win32
		{0F0FE03A-78F3-4B34-9DCE-0CDFF1FB5C40}.Debug|Mixed Platforms.ActiveCfg = Debug|Win32
		{0F0FE03A-78F3-4B34-9DCE-0CDFF1FB5C40}.Debug|Mixed Platforms.Build.0 = Debug|Win32
		{0F0FE03A-78F3-4B34-9DCE-0CDFF1FB5C40}.Debug|Win32.ActiveCfg = Debug|Win32
		{0F0FE03A-78F3-4B34-9DCE-0CDFF1FB5C40}.Debug|Win32.Build.0 = Debug|Win32
		{0F0FE03A-78F3-4B34-9DCE-0CDFF1FB5C40}.DebugCLR|Any CPU.ActiveCfg = DebugDLL|Win32
		{0F0FE03A-78F3-4B34-9DCE-0CDFF1FB5C40}.DebugCLR|Mixed Platforms.ActiveCfg = DebugDLL|Win32
		{0F0FE03A-78F3-4B34-9DCE-0CDFF1FB5C40}.DebugCLR|Mixed Platforms.Build.0 = DebugDLL|Win32
		{0F0FE03A-78F3-4B34-9DCE-0CDFF1FB5C40}.DebugCLR|Win32.ActiveCfg = DebugDLL|Win32
		{0F0FE03A-78F3-4B34-9DCE-0CDFF1FB5C40}.DebugCLR|Win32.Build.0 = DebugDLL|Win32
		{0F0FE03A-78F3-4B34-9DCE-0CDFF1FB5C40}.DebugDLL|Any CPU.ActiveCfg = DebugDLL|Win32
		{0F0FE03A-78F3-4B34-9DCE-0CDFF1FB5C40}.DebugDLL|Mixed Platforms.ActiveCfg = DebugDLL|Win32
		{0F0FE03A-78F3-4B34-9DCE-0CDFF1FB5C40}.DebugDLL|Mixed Platforms.Build.0 = DebugDLL|Win32
		{0F0FE03A-78F3-4B34-9DCE-0CDFF1FB5C40}.DebugDLL|Win32.ActiveCfg = DebugDLL|Win32
		{0F0FE03A-78F3-4B34-9DCE-0CDFF1FB5C40}.DebugDLL|Win32.Build.0 = DebugDLL|Win32
		{0F0FE03A-78F3-4B34-9DCE-0CDFF1FB5C40}.Optimised|Any CPU.ActiveCfg = DebugDLL|Win32
		{0F0FE03A-78F3-4B34-9DCE-0CDFF1FB5C40}.Optimised|Mixed Platforms.ActiveCfg = DebugDLL|Win32
		{0F0FE03A-78F3-4B34-9DCE-0CDFF1FB5C40}.Optimised|Mixed Platforms.Build.0 = DebugDLL|Win32
		{0F0FE03A-78F3-4B34-9DCE-0CDFF1FB5C40}.Optimised|Win32.ActiveCfg = DebugDLL|Win32
		{0F0FE03A-78F3-4B34-9DCE-0CDFF1FB5C40}.Optimised|Win32.Build.0 = DebugDLL|Win32
		{0F0FE03A-78F3-4B34-9DCE-0CDFF1FB5C40}.OptimiseWithSymbols|Any CPU.ActiveCfg = DebugDLL|Win32
		{0F0FE03A-78F3-4B34-9DCE-0CDFF1FB5C40}.OptimiseWithSymbols|Mixed Platforms.ActiveCfg = DebugDLL|Win32
		{0F0FE03A-78F3-4B34-9DCE-0CDFF1FB5C40}.OptimiseWithSymbols|Mixed Platforms.Build.0 = DebugDLL|Win32
		{0F0FE03A-78F3-4B34-9DCE-0CDFF1FB5C40}.OptimiseWithSymbols|Win32.ActiveCfg = DebugDLL|Win32
		{0F0FE03A-78F3-4B34-9DCE-0CDFF1FB5C40}.OptimiseWithSymbols|Win32.Build.0 = DebugDLL|Win32
		{0F0FE03A-78F3-4B34-9DCE-0CDFF1FB5C40}.OptWithSym|Any CPU.ActiveCfg = DebugDLL|Win32
		{0F0FE03A-78F3-4B34-9DCE-0CDFF1FB5C40}.OptWithSym|Mixed Platforms.ActiveCfg = DebugDLL|Win32
		{0F0FE03A-78F3-4B34-9DCE-0CDFF1FB5C40}.OptWithSym|Mixed Platforms.Build.0 = DebugDLL|Win32
		{0F0FE03A-78F3-4B34-9DCE-0CDFF1FB5C40}.OptWithSym|Win32.ActiveCfg = DebugDLL|Win32
		{0F0FE03A-78F3-4B34-9DCE-0CDFF1FB5C40}.OptWithSym|Win32.Build.0 = DebugDLL|Win32
		{0F0FE03A-78F3-4B34-9DCE-0CDFF1FB5C40}.Release|Any CPU.ActiveCfg = Release|Win32
		{0F0FE03A-78F3-4B34-9DCE-0CDFF1FB5C40}.Release|Mixed Platforms.ActiveCfg = Release|Win32
		{0F0FE03A-78F3-4B34-9DCE-0CDFF1FB5C40}.Release|Mixed Platforms.Build.0 = Release|Win32
		{0F0FE03A-78F3-4B34-9DCE-0CDFF1FB5C40}.Release|Win32.ActiveCfg = Release|Win32
		{0F0FE03A-78F3-4B34-9DCE-0CDFF1FB5C40}.Release|Win32.Build.0 = Release|Win32
		{0F0FE03A-78F3-4B34-9DCE-0CDFF1FB5C40}.ReleaseDLL|Any CPU.ActiveCfg = ReleaseDLL|Win32
		{0F0FE03A-78F3-4B34-9DCE-0CDFF1FB5C40}.ReleaseDLL|Mixed Platforms.ActiveCfg = ReleaseDLL|Win32
		{0F0FE03A-78F3-4B34-9DCE-0CDFF1FB5C40}.ReleaseDLL|Mixed Platforms.Build.0 = ReleaseDLL|Win32
		{0F0FE03A-78F3-4B34-9DCE-0CDFF1FB5C40}.ReleaseDLL|Win32.ActiveCfg = ReleaseDLL|Win32
		{0F0FE03A-78F3-4B34-9DCE-0CDFF1FB5C40}.ReleaseDLL|Win32.Build.0 = ReleaseDLL|Win32
		{B1DD108C-225F-4BBE-B019-94ADA7A4BE2C}.Debug|Any CPU.ActiveCfg = Debug|Any CPU
		{B1DD108C-225F-4BBE-B019-94ADA7A4BE2C}.Debug|Any CPU.Build.0 = Debug|Any CPU
		{B1DD108C-225F-4BBE-B019-94ADA7A4BE2C}.Debug|Mixed Platforms.ActiveCfg = Debug|Any CPU
		{B1DD108C-225F-4BBE-B019-94ADA7A4BE2C}.Debug|Mixed Platforms.Build.0 = Debug|Any CPU
		{B1DD108C-225F-4BBE-B019-94ADA7A4BE2C}.Debug|Win32.ActiveCfg = Debug|Any CPU
		{B1DD108C-225F-4BBE-B019-94ADA7A4BE2C}.DebugCLR|Any CPU.ActiveCfg = Debug|Any CPU
		{B1DD108C-225F-4BBE-B019-94ADA7A4BE2C}.DebugCLR|Any CPU.Build.0 = Debug|Any CPU
		{B1DD108C-225F-4BBE-B019-94ADA7A4BE2C}.DebugCLR|Mixed Platforms.ActiveCfg = Debug|Any CPU
		{B1DD108C-225F-4BBE-B019-94ADA7A4BE2C}.DebugCLR|Mixed Platforms.Build.0 = Debug|Any CPU
		{B1DD108C-225F-4BBE-B019-94ADA7A4BE2C}.DebugCLR|Win32.ActiveCfg = Debug|Any CPU
		{B1DD108C-225F-4BBE-B019-94ADA7A4BE2C}.DebugDLL|Any CPU.ActiveCfg = Debug|Any CPU
		{B1DD108C-225F-4BBE-B019-94ADA7A4BE2C}.DebugDLL|Any CPU.Build.0 = Debug|Any CPU
		{B1DD108C-225F-4BBE-B019-94ADA7A4BE2C}.DebugDLL|Mixed Platforms.ActiveCfg = Debug|Any CPU
		{B1DD108C-225F-4BBE-B019-94ADA7A4BE2C}.DebugDLL|Mixed Platforms.Build.0 = Debug|Any CPU
		{B1DD108C-225F-4BBE-B019-94ADA7A4BE2C}.DebugDLL|Win32.ActiveCfg = Debug|Any CPU
		{B1DD108C-225F-4BBE-B019-94ADA7A4BE2C}.Optimised|Any CPU.ActiveCfg = Release|Any CPU
		{B1DD108C-225F-4BBE-B019-94ADA7A4BE2C}.Optimised|Any CPU.Build.0 = Release|Any CPU
		{B1DD108C-225F-4BBE-B019-94ADA7A4BE2C}.Optimised|Mixed Platforms.ActiveCfg = Release|Any CPU
		{B1DD108C-225F-4BBE-B019-94ADA7A4BE2C}.Optimised|Mixed Platforms.Build.0 = Release|Any CPU
		{B1DD108C-225F-4BBE-B019-94ADA7A4BE2C}.Optimised|Win32.ActiveCfg = Release|Any CPU
		{B1DD108C-225F-4BBE-B019-94ADA7A4BE2C}.OptimiseWithSymbols|Any CPU.ActiveCfg = Release|Any CPU
		{B1DD108C-225F-4BBE-B019-94ADA7A4BE2C}.OptimiseWithSymbols|Any CPU.Build.0 = Release|Any CPU
		{B1DD108C-225F-4BBE-B019-94ADA7A4BE2C}.OptimiseWithSymbols|Mixed Platforms.ActiveCfg = Release|Any CPU
		{B1DD108C-225F-4BBE-B019-94ADA7A4BE2C}.OptimiseWithSymbols|Mixed Platforms.Build.0 = Release|Any CPU
		{B1DD108C-225F-4BBE-B019-94ADA7A4BE2C}.OptimiseWithSymbols|Win32.ActiveCfg = Release|Any CPU
		{B1DD108C-225F-4BBE-B019-94ADA7A4BE2C}.OptWithSym|Any CPU.ActiveCfg = Release|Any CPU
		{B1DD108C-225F-4BBE-B019-94ADA7A4BE2C}.OptWithSym|Any CPU.Build.0 = Release|Any CPU
		{B1DD108C-225F-4BBE-B019-94ADA7A4BE2C}.OptWithSym|Mixed Platforms.ActiveCfg = Release|Any CPU
		{B1DD108C-225F-4BBE-B019-94ADA7A4BE2C}.OptWithSym|Mixed Platforms.Build.0 = Release|Any CPU
		{B1DD108C-225F-4BBE-B019-94ADA7A4BE2C}.OptWithSym|Win32.ActiveCfg = Release|Any CPU
		{B1DD108C-225F-4BBE-B019-94ADA7A4BE2C}.Release|Any CPU.ActiveCfg = Release|Any CPU
		{B1DD108C-225F-4BBE-B019-94ADA7A4BE2C}.Release|Any CPU.Build.0 = Release|Any CPU
		{B1DD108C-225F-4BBE-B019-94ADA7A4BE2C}.Release|Mixed Platforms.ActiveCfg = Release|Any CPU
		{B1DD108C-225F-4BBE-B019-94ADA7A4BE2C}.Release|Mixed Platforms.Build.0 = Release|Any CPU
		{B1DD108C-225F-4BBE-B019-94ADA7A4BE2C}.Release|Win32.ActiveCfg = Release|Any CPU
		{B1DD108C-225F-4BBE-B019-94ADA7A4BE2C}.ReleaseDLL|Any CPU.ActiveCfg = Release|Any CPU
		{B1DD108C-225F-4BBE-B019-94ADA7A4BE2C}.ReleaseDLL|Any CPU.Build.0 = Release|Any CPU
		{B1DD108C-225F-4BBE-B019-94ADA7A4BE2C}.ReleaseDLL|Mixed Platforms.ActiveCfg = Release|Any CPU
		{B1DD108C-225F-4BBE-B019-94ADA7A4BE2C}.ReleaseDLL|Mixed Platforms.Build.0 = Release|Any CPU
		{B1DD108C-225F-4BBE-B019-94ADA7A4BE2C}.ReleaseDLL|Win32.ActiveCfg = Release|Any CPU
	EndGlobalSection
	GlobalSection(SolutionProperties) = preSolution
		HideSolutionNode = FALSE
	EndGlobalSection
	GlobalSection(NestedProjects) = preSolution
		{65C99880-AEB9-4F0A-AA53-699B0E0603C8} = {A4AD51EC-72B6-4EEB-849B-D88DB5384CC6}
		{A69591E7-2396-4956-9A2D-987C6A0659DD} = {A4AD51EC-72B6-4EEB-849B-D88DB5384CC6}
		{78B6595D-7B41-425A-B8B4-0840CAA6374B} = {A4AD51EC-72B6-4EEB-849B-D88DB5384CC6}
	EndGlobalSection
	GlobalSection(ExtensibilityGlobals) = postSolution
		VisualSVNWorkingCopyRoot = .
	EndGlobalSection
EndGlobal
